// !$*UTF8*$!
{
	archiveVersion = 1;
	classes = {
	};
	objectVersion = 51;
	objects = {

/* Begin PBXBuildFile section */
		68196F15D346FC3CE23DE799 /* Pods_Roulette.framework in Frameworks */ = {isa = PBXBuildFile; fileRef = EF7655A6BB7F69CE83F672A4 /* Pods_Roulette.framework */; };
		E13A938326B31C8A007FF15C /* RealmManager.swift in Sources */ = {isa = PBXBuildFile; fileRef = E13A938226B31C8A007FF15C /* RealmManager.swift */; };
		E13A938726B7075A007FF15C /* FavoriteView.storyboard in Resources */ = {isa = PBXBuildFile; fileRef = E13A938626B7075A007FF15C /* FavoriteView.storyboard */; };
		E13A938A26B70779007FF15C /* FavoriteVC.swift in Sources */ = {isa = PBXBuildFile; fileRef = E13A938926B70779007FF15C /* FavoriteVC.swift */; };
		E13A939C26BE0921007FF15C /* FavoriteItemCell.swift in Sources */ = {isa = PBXBuildFile; fileRef = E13A939A26BE0921007FF15C /* FavoriteItemCell.swift */; };
		E13A939D26BE0921007FF15C /* FavoriteItemCell.xib in Resources */ = {isa = PBXBuildFile; fileRef = E13A939B26BE0921007FF15C /* FavoriteItemCell.xib */; };
		E13A93A226BE181B007FF15C /* ExtensionUIColor.swift in Sources */ = {isa = PBXBuildFile; fileRef = E13A93A126BE181B007FF15C /* ExtensionUIColor.swift */; };
		E13A93A526BE185E007FF15C /* ExtensionString.swift in Sources */ = {isa = PBXBuildFile; fileRef = E13A93A426BE185E007FF15C /* ExtensionString.swift */; };
		E16A78C1264837FD005F585D /* AppDelegate.swift in Sources */ = {isa = PBXBuildFile; fileRef = E16A78C0264837FD005F585D /* AppDelegate.swift */; };
		E16A78C3264837FD005F585D /* SceneDelegate.swift in Sources */ = {isa = PBXBuildFile; fileRef = E16A78C2264837FD005F585D /* SceneDelegate.swift */; };
		E16A78C5264837FD005F585D /* ViewController.swift in Sources */ = {isa = PBXBuildFile; fileRef = E16A78C4264837FD005F585D /* ViewController.swift */; };
		E16A78C8264837FD005F585D /* Main.storyboard in Resources */ = {isa = PBXBuildFile; fileRef = E16A78C6264837FD005F585D /* Main.storyboard */; };
		E16A78CA264837FE005F585D /* Assets.xcassets in Resources */ = {isa = PBXBuildFile; fileRef = E16A78C9264837FE005F585D /* Assets.xcassets */; };
		E16A78CD264837FE005F585D /* LaunchScreen.storyboard in Resources */ = {isa = PBXBuildFile; fileRef = E16A78CB264837FE005F585D /* LaunchScreen.storyboard */; };
		E17A28DE26EDC82C0013A9F4 /* CheatFlgExplanationView.storyboard in Resources */ = {isa = PBXBuildFile; fileRef = E17A28DD26EDC82C0013A9F4 /* CheatFlgExplanationView.storyboard */; };
		E17A28E126EDC84B0013A9F4 /* CheatFlgExplanationVC.swift in Sources */ = {isa = PBXBuildFile; fileRef = E17A28E026EDC84A0013A9F4 /* CheatFlgExplanationVC.swift */; };
		E1D4DD6F269968A500B2CC5C /* ResultView.storyboard in Resources */ = {isa = PBXBuildFile; fileRef = E1D4DD6E269968A400B2CC5C /* ResultView.storyboard */; };
		E1D4DD72269968ED00B2CC5C /* ResultVC.swift in Sources */ = {isa = PBXBuildFile; fileRef = E1D4DD71269968ED00B2CC5C /* ResultVC.swift */; };
		E1D7B029264841D6005CFD90 /* RouletteItemCell.swift in Sources */ = {isa = PBXBuildFile; fileRef = E1D7B018264841D6005CFD90 /* RouletteItemCell.swift */; };
		E1D7B02A264841D6005CFD90 /* PieChartViewManager.swift in Sources */ = {isa = PBXBuildFile; fileRef = E1D7B019264841D6005CFD90 /* PieChartViewManager.swift */; };
		E1D7B02B264841D6005CFD90 /* ColorSelectView.storyboard in Resources */ = {isa = PBXBuildFile; fileRef = E1D7B01A264841D6005CFD90 /* ColorSelectView.storyboard */; };
		E1D7B02C264841D6005CFD90 /* AppSettingView.storyboard in Resources */ = {isa = PBXBuildFile; fileRef = E1D7B01B264841D6005CFD90 /* AppSettingView.storyboard */; };
		E1D7B02D264841D6005CFD90 /* ItemSettingView.storyboard in Resources */ = {isa = PBXBuildFile; fileRef = E1D7B01C264841D6005CFD90 /* ItemSettingView.storyboard */; };
		E1D7B02E264841D6005CFD90 /* RouletteItemCell.xib in Resources */ = {isa = PBXBuildFile; fileRef = E1D7B01D264841D6005CFD90 /* RouletteItemCell.xib */; };
		E1D7B02F264841D6005CFD90 /* RouletteView.storyboard in Resources */ = {isa = PBXBuildFile; fileRef = E1D7B01E264841D6005CFD90 /* RouletteView.storyboard */; };
		E1D7B030264841D6005CFD90 /* Constants.swift in Sources */ = {isa = PBXBuildFile; fileRef = E1D7B020264841D6005CFD90 /* Constants.swift */; };
		E1D7B031264841D6005CFD90 /* DataManager.swift in Sources */ = {isa = PBXBuildFile; fileRef = E1D7B021264841D6005CFD90 /* DataManager.swift */; };
		E1D7B032264841D6005CFD90 /* RouletteItemObj.swift in Sources */ = {isa = PBXBuildFile; fileRef = E1D7B022264841D6005CFD90 /* RouletteItemObj.swift */; };
		E1D7B033264841D6005CFD90 /* RouletteItemDataSet.swift in Sources */ = {isa = PBXBuildFile; fileRef = E1D7B023264841D6005CFD90 /* RouletteItemDataSet.swift */; };
		E1D7B034264841D6005CFD90 /* ItemSettingVC.swift in Sources */ = {isa = PBXBuildFile; fileRef = E1D7B025264841D6005CFD90 /* ItemSettingVC.swift */; };
		E1D7B035264841D6005CFD90 /* ColorSelectVC.swift in Sources */ = {isa = PBXBuildFile; fileRef = E1D7B026264841D6005CFD90 /* ColorSelectVC.swift */; };
		E1D7B036264841D6005CFD90 /* AppSettingVC.swift in Sources */ = {isa = PBXBuildFile; fileRef = E1D7B027264841D6005CFD90 /* AppSettingVC.swift */; };
		E1D7B037264841D6005CFD90 /* RouletteVC.swift in Sources */ = {isa = PBXBuildFile; fileRef = E1D7B028264841D6005CFD90 /* RouletteVC.swift */; };
/* End PBXBuildFile section */

/* Begin PBXFileReference section */
		2601EBD63A4929CAF4DBDECC /* Pods-Roulette.release.xcconfig */ = {isa = PBXFileReference; includeInIndex = 1; lastKnownFileType = text.xcconfig; name = "Pods-Roulette.release.xcconfig"; path = "Target Support Files/Pods-Roulette/Pods-Roulette.release.xcconfig"; sourceTree = "<group>"; };
		758C9450A323550C1DAA0032 /* Pods-Roulette.debug.xcconfig */ = {isa = PBXFileReference; includeInIndex = 1; lastKnownFileType = text.xcconfig; name = "Pods-Roulette.debug.xcconfig"; path = "Target Support Files/Pods-Roulette/Pods-Roulette.debug.xcconfig"; sourceTree = "<group>"; };
		E13A938226B31C8A007FF15C /* RealmManager.swift */ = {isa = PBXFileReference; lastKnownFileType = sourcecode.swift; path = RealmManager.swift; sourceTree = "<group>"; };
		E13A938626B7075A007FF15C /* FavoriteView.storyboard */ = {isa = PBXFileReference; lastKnownFileType = file.storyboard; path = FavoriteView.storyboard; sourceTree = "<group>"; };
		E13A938926B70779007FF15C /* FavoriteVC.swift */ = {isa = PBXFileReference; lastKnownFileType = sourcecode.swift; path = FavoriteVC.swift; sourceTree = "<group>"; };
		E13A939A26BE0921007FF15C /* FavoriteItemCell.swift */ = {isa = PBXFileReference; lastKnownFileType = sourcecode.swift; path = FavoriteItemCell.swift; sourceTree = "<group>"; };
		E13A939B26BE0921007FF15C /* FavoriteItemCell.xib */ = {isa = PBXFileReference; lastKnownFileType = file.xib; path = FavoriteItemCell.xib; sourceTree = "<group>"; };
		E13A93A126BE181B007FF15C /* ExtensionUIColor.swift */ = {isa = PBXFileReference; lastKnownFileType = sourcecode.swift; path = ExtensionUIColor.swift; sourceTree = "<group>"; };
		E13A93A426BE185E007FF15C /* ExtensionString.swift */ = {isa = PBXFileReference; lastKnownFileType = sourcecode.swift; path = ExtensionString.swift; sourceTree = "<group>"; };
		E16A78BD264837FD005F585D /* Roulette.app */ = {isa = PBXFileReference; explicitFileType = wrapper.application; includeInIndex = 0; path = Roulette.app; sourceTree = BUILT_PRODUCTS_DIR; };
		E16A78C0264837FD005F585D /* AppDelegate.swift */ = {isa = PBXFileReference; lastKnownFileType = sourcecode.swift; path = AppDelegate.swift; sourceTree = "<group>"; };
		E16A78C2264837FD005F585D /* SceneDelegate.swift */ = {isa = PBXFileReference; lastKnownFileType = sourcecode.swift; path = SceneDelegate.swift; sourceTree = "<group>"; };
		E16A78C4264837FD005F585D /* ViewController.swift */ = {isa = PBXFileReference; lastKnownFileType = sourcecode.swift; path = ViewController.swift; sourceTree = "<group>"; };
		E16A78C7264837FD005F585D /* Base */ = {isa = PBXFileReference; lastKnownFileType = file.storyboard; name = Base; path = Base.lproj/Main.storyboard; sourceTree = "<group>"; };
		E16A78C9264837FE005F585D /* Assets.xcassets */ = {isa = PBXFileReference; lastKnownFileType = folder.assetcatalog; path = Assets.xcassets; sourceTree = "<group>"; };
		E16A78CC264837FE005F585D /* Base */ = {isa = PBXFileReference; lastKnownFileType = file.storyboard; name = Base; path = Base.lproj/LaunchScreen.storyboard; sourceTree = "<group>"; };
		E16A78CE264837FE005F585D /* Info.plist */ = {isa = PBXFileReference; lastKnownFileType = text.plist.xml; path = Info.plist; sourceTree = "<group>"; };
		E17A28DD26EDC82C0013A9F4 /* CheatFlgExplanationView.storyboard */ = {isa = PBXFileReference; lastKnownFileType = file.storyboard; path = CheatFlgExplanationView.storyboard; sourceTree = "<group>"; };
		E17A28E026EDC84A0013A9F4 /* CheatFlgExplanationVC.swift */ = {isa = PBXFileReference; lastKnownFileType = sourcecode.swift; path = CheatFlgExplanationVC.swift; sourceTree = "<group>"; };
		E1D4DD6E269968A400B2CC5C /* ResultView.storyboard */ = {isa = PBXFileReference; lastKnownFileType = file.storyboard; path = ResultView.storyboard; sourceTree = "<group>"; };
		E1D4DD71269968ED00B2CC5C /* ResultVC.swift */ = {isa = PBXFileReference; lastKnownFileType = sourcecode.swift; path = ResultVC.swift; sourceTree = "<group>"; };
		E1D7B018264841D6005CFD90 /* RouletteItemCell.swift */ = {isa = PBXFileReference; fileEncoding = 4; lastKnownFileType = sourcecode.swift; path = RouletteItemCell.swift; sourceTree = "<group>"; };
		E1D7B019264841D6005CFD90 /* PieChartViewManager.swift */ = {isa = PBXFileReference; fileEncoding = 4; lastKnownFileType = sourcecode.swift; path = PieChartViewManager.swift; sourceTree = "<group>"; };
		E1D7B01A264841D6005CFD90 /* ColorSelectView.storyboard */ = {isa = PBXFileReference; fileEncoding = 4; lastKnownFileType = file.storyboard; path = ColorSelectView.storyboard; sourceTree = "<group>"; };
		E1D7B01B264841D6005CFD90 /* AppSettingView.storyboard */ = {isa = PBXFileReference; fileEncoding = 4; lastKnownFileType = file.storyboard; path = AppSettingView.storyboard; sourceTree = "<group>"; };
		E1D7B01C264841D6005CFD90 /* ItemSettingView.storyboard */ = {isa = PBXFileReference; fileEncoding = 4; lastKnownFileType = file.storyboard; path = ItemSettingView.storyboard; sourceTree = "<group>"; };
		E1D7B01D264841D6005CFD90 /* RouletteItemCell.xib */ = {isa = PBXFileReference; fileEncoding = 4; lastKnownFileType = file.xib; path = RouletteItemCell.xib; sourceTree = "<group>"; };
		E1D7B01E264841D6005CFD90 /* RouletteView.storyboard */ = {isa = PBXFileReference; fileEncoding = 4; lastKnownFileType = file.storyboard; path = RouletteView.storyboard; sourceTree = "<group>"; };
		E1D7B020264841D6005CFD90 /* Constants.swift */ = {isa = PBXFileReference; fileEncoding = 4; lastKnownFileType = sourcecode.swift; path = Constants.swift; sourceTree = "<group>"; };
		E1D7B021264841D6005CFD90 /* DataManager.swift */ = {isa = PBXFileReference; fileEncoding = 4; lastKnownFileType = sourcecode.swift; path = DataManager.swift; sourceTree = "<group>"; };
		E1D7B022264841D6005CFD90 /* RouletteItemObj.swift */ = {isa = PBXFileReference; fileEncoding = 4; lastKnownFileType = sourcecode.swift; path = RouletteItemObj.swift; sourceTree = "<group>"; };
		E1D7B023264841D6005CFD90 /* RouletteItemDataSet.swift */ = {isa = PBXFileReference; fileEncoding = 4; lastKnownFileType = sourcecode.swift; path = RouletteItemDataSet.swift; sourceTree = "<group>"; };
		E1D7B025264841D6005CFD90 /* ItemSettingVC.swift */ = {isa = PBXFileReference; fileEncoding = 4; lastKnownFileType = sourcecode.swift; path = ItemSettingVC.swift; sourceTree = "<group>"; };
		E1D7B026264841D6005CFD90 /* ColorSelectVC.swift */ = {isa = PBXFileReference; fileEncoding = 4; lastKnownFileType = sourcecode.swift; path = ColorSelectVC.swift; sourceTree = "<group>"; };
		E1D7B027264841D6005CFD90 /* AppSettingVC.swift */ = {isa = PBXFileReference; fileEncoding = 4; lastKnownFileType = sourcecode.swift; path = AppSettingVC.swift; sourceTree = "<group>"; };
		E1D7B028264841D6005CFD90 /* RouletteVC.swift */ = {isa = PBXFileReference; fileEncoding = 4; lastKnownFileType = sourcecode.swift; path = RouletteVC.swift; sourceTree = "<group>"; };
		EF7655A6BB7F69CE83F672A4 /* Pods_Roulette.framework */ = {isa = PBXFileReference; explicitFileType = wrapper.framework; includeInIndex = 0; path = Pods_Roulette.framework; sourceTree = BUILT_PRODUCTS_DIR; };
/* End PBXFileReference section */

/* Begin PBXFrameworksBuildPhase section */
		E16A78BA264837FD005F585D /* Frameworks */ = {
			isa = PBXFrameworksBuildPhase;
			buildActionMask = 2147483647;
			files = (
				68196F15D346FC3CE23DE799 /* Pods_Roulette.framework in Frameworks */,
			);
			runOnlyForDeploymentPostprocessing = 0;
		};
/* End PBXFrameworksBuildPhase section */

/* Begin PBXGroup section */
		26ABC4E545E8EBE498A5AD54 /* Pods */ = {
			isa = PBXGroup;
			children = (
				758C9450A323550C1DAA0032 /* Pods-Roulette.debug.xcconfig */,
				2601EBD63A4929CAF4DBDECC /* Pods-Roulette.release.xcconfig */,
			);
			path = Pods;
			sourceTree = "<group>";
		};
		7CCA2FC50D648CCCFC9758E6 /* Frameworks */ = {
			isa = PBXGroup;
			children = (
				EF7655A6BB7F69CE83F672A4 /* Pods_Roulette.framework */,
			);
			name = Frameworks;
			sourceTree = "<group>";
		};
		E13A93A026BE17E7007FF15C /* Extension */ = {
			isa = PBXGroup;
			children = (
				E13A93A126BE181B007FF15C /* ExtensionUIColor.swift */,
				E13A93A426BE185E007FF15C /* ExtensionString.swift */,
			);
			path = Extension;
			sourceTree = "<group>";
		};
		E16A78B4264837FC005F585D = {
			isa = PBXGroup;
			children = (
				E16A78BF264837FD005F585D /* Roulette */,
				E16A78BE264837FD005F585D /* Products */,
				26ABC4E545E8EBE498A5AD54 /* Pods */,
				7CCA2FC50D648CCCFC9758E6 /* Frameworks */,
			);
			sourceTree = "<group>";
		};
		E16A78BE264837FD005F585D /* Products */ = {
			isa = PBXGroup;
			children = (
				E16A78BD264837FD005F585D /* Roulette.app */,
			);
			name = Products;
			sourceTree = "<group>";
		};
		E16A78BF264837FD005F585D /* Roulette */ = {
			isa = PBXGroup;
			children = (
				E16A78C0264837FD005F585D /* AppDelegate.swift */,
				E16A78C2264837FD005F585D /* SceneDelegate.swift */,
				E16A78C4264837FD005F585D /* ViewController.swift */,
				E1D7B024264841D6005CFD90 /* Controller */,
				E1D7B01F264841D6005CFD90 /* Model */,
				E1D7B017264841D6005CFD90 /* View */,
				E13A93A026BE17E7007FF15C /* Extension */,
				E16A78C6264837FD005F585D /* Main.storyboard */,
				E16A78C9264837FE005F585D /* Assets.xcassets */,
				E16A78CB264837FE005F585D /* LaunchScreen.storyboard */,
				E16A78CE264837FE005F585D /* Info.plist */,
			);
			path = Roulette;
			sourceTree = "<group>";
		};
		E1D7B017264841D6005CFD90 /* View */ = {
			isa = PBXGroup;
			children = (
				E1D7B019264841D6005CFD90 /* PieChartViewManager.swift */,
				E1D7B01A264841D6005CFD90 /* ColorSelectView.storyboard */,
				E1D7B01B264841D6005CFD90 /* AppSettingView.storyboard */,
				E1D7B01C264841D6005CFD90 /* ItemSettingView.storyboard */,
				E1D7B01D264841D6005CFD90 /* RouletteItemCell.xib */,
				E1D7B018264841D6005CFD90 /* RouletteItemCell.swift */,
				E1D7B01E264841D6005CFD90 /* RouletteView.storyboard */,
				E1D4DD6E269968A400B2CC5C /* ResultView.storyboard */,
				E13A938626B7075A007FF15C /* FavoriteView.storyboard */,
				E13A939B26BE0921007FF15C /* FavoriteItemCell.xib */,
				E13A939A26BE0921007FF15C /* FavoriteItemCell.swift */,
				E17A28DD26EDC82C0013A9F4 /* CheatFlgExplanationView.storyboard */,
			);
			path = View;
			sourceTree = "<group>";
		};
		E1D7B01F264841D6005CFD90 /* Model */ = {
			isa = PBXGroup;
			children = (
				E1D7B020264841D6005CFD90 /* Constants.swift */,
				E1D7B022264841D6005CFD90 /* RouletteItemObj.swift */,
				E1D7B023264841D6005CFD90 /* RouletteItemDataSet.swift */,
				E1D7B021264841D6005CFD90 /* DataManager.swift */,
				E13A938226B31C8A007FF15C /* RealmManager.swift */,
			);
			path = Model;
			sourceTree = "<group>";
		};
		E1D7B024264841D6005CFD90 /* Controller */ = {
			isa = PBXGroup;
			children = (
				E1D7B025264841D6005CFD90 /* ItemSettingVC.swift */,
				E1D7B026264841D6005CFD90 /* ColorSelectVC.swift */,
				E1D7B027264841D6005CFD90 /* AppSettingVC.swift */,
				E1D7B028264841D6005CFD90 /* RouletteVC.swift */,
				E1D4DD71269968ED00B2CC5C /* ResultVC.swift */,
				E13A938926B70779007FF15C /* FavoriteVC.swift */,
				E17A28E026EDC84A0013A9F4 /* CheatFlgExplanationVC.swift */,
			);
			path = Controller;
			sourceTree = "<group>";
		};
/* End PBXGroup section */

/* Begin PBXNativeTarget section */
		E16A78BC264837FD005F585D /* Roulette */ = {
			isa = PBXNativeTarget;
			buildConfigurationList = E16A78D1264837FE005F585D /* Build configuration list for PBXNativeTarget "Roulette" */;
			buildPhases = (
				C4EB85144DD4F28D441A0525 /* [CP] Check Pods Manifest.lock */,
				E16A78B9264837FD005F585D /* Sources */,
				E16A78BA264837FD005F585D /* Frameworks */,
				E16A78BB264837FD005F585D /* Resources */,
				F3A8234A12291267847C600D /* [CP] Embed Pods Frameworks */,
			);
			buildRules = (
			);
			dependencies = (
			);
			name = Roulette;
			productName = Roulette;
			productReference = E16A78BD264837FD005F585D /* Roulette.app */;
			productType = "com.apple.product-type.application";
		};
/* End PBXNativeTarget section */

/* Begin PBXProject section */
		E16A78B5264837FC005F585D /* Project object */ = {
			isa = PBXProject;
			attributes = {
				LastSwiftUpdateCheck = 1240;
				LastUpgradeCheck = 1240;
				TargetAttributes = {
					E16A78BC264837FD005F585D = {
						CreatedOnToolsVersion = 12.4;
					};
				};
			};
			buildConfigurationList = E16A78B8264837FC005F585D /* Build configuration list for PBXProject "Roulette" */;
			compatibilityVersion = "Xcode 9.3";
			developmentRegion = en;
			hasScannedForEncodings = 0;
			knownRegions = (
				en,
				Base,
			);
			mainGroup = E16A78B4264837FC005F585D;
			productRefGroup = E16A78BE264837FD005F585D /* Products */;
			projectDirPath = "";
			projectRoot = "";
			targets = (
				E16A78BC264837FD005F585D /* Roulette */,
			);
		};
/* End PBXProject section */

/* Begin PBXResourcesBuildPhase section */
		E16A78BB264837FD005F585D /* Resources */ = {
			isa = PBXResourcesBuildPhase;
			buildActionMask = 2147483647;
			files = (
				E16A78CD264837FE005F585D /* LaunchScreen.storyboard in Resources */,
				E17A28DE26EDC82C0013A9F4 /* CheatFlgExplanationView.storyboard in Resources */,
				E1D7B02D264841D6005CFD90 /* ItemSettingView.storyboard in Resources */,
				E1D4DD6F269968A500B2CC5C /* ResultView.storyboard in Resources */,
				E16A78CA264837FE005F585D /* Assets.xcassets in Resources */,
				E16A78C8264837FD005F585D /* Main.storyboard in Resources */,
				E1D7B02E264841D6005CFD90 /* RouletteItemCell.xib in Resources */,
				E1D7B02F264841D6005CFD90 /* RouletteView.storyboard in Resources */,
				E1D7B02B264841D6005CFD90 /* ColorSelectView.storyboard in Resources */,
				E1D7B02C264841D6005CFD90 /* AppSettingView.storyboard in Resources */,
				E13A938726B7075A007FF15C /* FavoriteView.storyboard in Resources */,
				E13A939D26BE0921007FF15C /* FavoriteItemCell.xib in Resources */,
			);
			runOnlyForDeploymentPostprocessing = 0;
		};
/* End PBXResourcesBuildPhase section */

/* Begin PBXShellScriptBuildPhase section */
		C4EB85144DD4F28D441A0525 /* [CP] Check Pods Manifest.lock */ = {
			isa = PBXShellScriptBuildPhase;
			buildActionMask = 2147483647;
			files = (
			);
			inputFileListPaths = (
			);
			inputPaths = (
				"${PODS_PODFILE_DIR_PATH}/Podfile.lock",
				"${PODS_ROOT}/Manifest.lock",
			);
			name = "[CP] Check Pods Manifest.lock";
			outputFileListPaths = (
			);
			outputPaths = (
				"$(DERIVED_FILE_DIR)/Pods-Roulette-checkManifestLockResult.txt",
			);
			runOnlyForDeploymentPostprocessing = 0;
			shellPath = /bin/sh;
			shellScript = "diff \"${PODS_PODFILE_DIR_PATH}/Podfile.lock\" \"${PODS_ROOT}/Manifest.lock\" > /dev/null\nif [ $? != 0 ] ; then\n    # print error to STDERR\n    echo \"error: The sandbox is not in sync with the Podfile.lock. Run 'pod install' or update your CocoaPods installation.\" >&2\n    exit 1\nfi\n# This output is used by Xcode 'outputs' to avoid re-running this script phase.\necho \"SUCCESS\" > \"${SCRIPT_OUTPUT_FILE_0}\"\n";
			showEnvVarsInLog = 0;
		};
		F3A8234A12291267847C600D /* [CP] Embed Pods Frameworks */ = {
			isa = PBXShellScriptBuildPhase;
			buildActionMask = 2147483647;
			files = (
			);
			inputFileListPaths = (
				"${PODS_ROOT}/Target Support Files/Pods-Roulette/Pods-Roulette-frameworks-${CONFIGURATION}-input-files.xcfilelist",
			);
			name = "[CP] Embed Pods Frameworks";
			outputFileListPaths = (
				"${PODS_ROOT}/Target Support Files/Pods-Roulette/Pods-Roulette-frameworks-${CONFIGURATION}-output-files.xcfilelist",
			);
			runOnlyForDeploymentPostprocessing = 0;
			shellPath = /bin/sh;
			shellScript = "\"${PODS_ROOT}/Target Support Files/Pods-Roulette/Pods-Roulette-frameworks.sh\"\n";
			showEnvVarsInLog = 0;
		};
/* End PBXShellScriptBuildPhase section */

/* Begin PBXSourcesBuildPhase section */
		E16A78B9264837FD005F585D /* Sources */ = {
			isa = PBXSourcesBuildPhase;
			buildActionMask = 2147483647;
			files = (
				E1D7B02A264841D6005CFD90 /* PieChartViewManager.swift in Sources */,
				E1D7B029264841D6005CFD90 /* RouletteItemCell.swift in Sources */,
				E13A938326B31C8A007FF15C /* RealmManager.swift in Sources */,
				E16A78C5264837FD005F585D /* ViewController.swift in Sources */,
				E17A28E126EDC84B0013A9F4 /* CheatFlgExplanationVC.swift in Sources */,
				E13A938A26B70779007FF15C /* FavoriteVC.swift in Sources */,
				E1D7B037264841D6005CFD90 /* RouletteVC.swift in Sources */,
				E1D7B031264841D6005CFD90 /* DataManager.swift in Sources */,
				E13A93A526BE185E007FF15C /* ExtensionString.swift in Sources */,
				E1D7B035264841D6005CFD90 /* ColorSelectVC.swift in Sources */,
				E1D7B036264841D6005CFD90 /* AppSettingVC.swift in Sources */,
				E1D7B034264841D6005CFD90 /* ItemSettingVC.swift in Sources */,
				E1D7B033264841D6005CFD90 /* RouletteItemDataSet.swift in Sources */,
				E16A78C1264837FD005F585D /* AppDelegate.swift in Sources */,
				E13A939C26BE0921007FF15C /* FavoriteItemCell.swift in Sources */,
				E13A93A226BE181B007FF15C /* ExtensionUIColor.swift in Sources */,
				E16A78C3264837FD005F585D /* SceneDelegate.swift in Sources */,
				E1D4DD72269968ED00B2CC5C /* ResultVC.swift in Sources */,
				E1D7B032264841D6005CFD90 /* RouletteItemObj.swift in Sources */,
				E1D7B030264841D6005CFD90 /* Constants.swift in Sources */,
			);
			runOnlyForDeploymentPostprocessing = 0;
		};
/* End PBXSourcesBuildPhase section */

/* Begin PBXVariantGroup section */
		E16A78C6264837FD005F585D /* Main.storyboard */ = {
			isa = PBXVariantGroup;
			children = (
				E16A78C7264837FD005F585D /* Base */,
			);
			name = Main.storyboard;
			sourceTree = "<group>";
		};
		E16A78CB264837FE005F585D /* LaunchScreen.storyboard */ = {
			isa = PBXVariantGroup;
			children = (
				E16A78CC264837FE005F585D /* Base */,
			);
			name = LaunchScreen.storyboard;
			sourceTree = "<group>";
		};
/* End PBXVariantGroup section */

/* Begin XCBuildConfiguration section */
		E16A78CF264837FE005F585D /* Debug */ = {
			isa = XCBuildConfiguration;
			buildSettings = {
				ALWAYS_SEARCH_USER_PATHS = NO;
				CLANG_ANALYZER_NONNULL = YES;
				CLANG_ANALYZER_NUMBER_OBJECT_CONVERSION = YES_AGGRESSIVE;
				CLANG_CXX_LANGUAGE_STANDARD = "gnu++14";
				CLANG_CXX_LIBRARY = "libc++";
				CLANG_ENABLE_MODULES = YES;
				CLANG_ENABLE_OBJC_ARC = YES;
				CLANG_ENABLE_OBJC_WEAK = YES;
				CLANG_WARN_BLOCK_CAPTURE_AUTORELEASING = YES;
				CLANG_WARN_BOOL_CONVERSION = YES;
				CLANG_WARN_COMMA = YES;
				CLANG_WARN_CONSTANT_CONVERSION = YES;
				CLANG_WARN_DEPRECATED_OBJC_IMPLEMENTATIONS = YES;
				CLANG_WARN_DIRECT_OBJC_ISA_USAGE = YES_ERROR;
				CLANG_WARN_DOCUMENTATION_COMMENTS = YES;
				CLANG_WARN_EMPTY_BODY = YES;
				CLANG_WARN_ENUM_CONVERSION = YES;
				CLANG_WARN_INFINITE_RECURSION = YES;
				CLANG_WARN_INT_CONVERSION = YES;
				CLANG_WARN_NON_LITERAL_NULL_CONVERSION = YES;
				CLANG_WARN_OBJC_IMPLICIT_RETAIN_SELF = YES;
				CLANG_WARN_OBJC_LITERAL_CONVERSION = YES;
				CLANG_WARN_OBJC_ROOT_CLASS = YES_ERROR;
				CLANG_WARN_QUOTED_INCLUDE_IN_FRAMEWORK_HEADER = YES;
				CLANG_WARN_RANGE_LOOP_ANALYSIS = YES;
				CLANG_WARN_STRICT_PROTOTYPES = YES;
				CLANG_WARN_SUSPICIOUS_MOVE = YES;
				CLANG_WARN_UNGUARDED_AVAILABILITY = YES_AGGRESSIVE;
				CLANG_WARN_UNREACHABLE_CODE = YES;
				CLANG_WARN__DUPLICATE_METHOD_MATCH = YES;
				COPY_PHASE_STRIP = NO;
				DEBUG_INFORMATION_FORMAT = dwarf;
				ENABLE_STRICT_OBJC_MSGSEND = YES;
				ENABLE_TESTABILITY = YES;
				GCC_C_LANGUAGE_STANDARD = gnu11;
				GCC_DYNAMIC_NO_PIC = NO;
				GCC_NO_COMMON_BLOCKS = YES;
				GCC_OPTIMIZATION_LEVEL = 0;
				GCC_PREPROCESSOR_DEFINITIONS = (
					"DEBUG=1",
					"$(inherited)",
				);
				GCC_WARN_64_TO_32_BIT_CONVERSION = YES;
				GCC_WARN_ABOUT_RETURN_TYPE = YES_ERROR;
				GCC_WARN_UNDECLARED_SELECTOR = YES;
				GCC_WARN_UNINITIALIZED_AUTOS = YES_AGGRESSIVE;
				GCC_WARN_UNUSED_FUNCTION = YES;
				GCC_WARN_UNUSED_VARIABLE = YES;
				IPHONEOS_DEPLOYMENT_TARGET = 14.4;
				MTL_ENABLE_DEBUG_INFO = INCLUDE_SOURCE;
				MTL_FAST_MATH = YES;
				ONLY_ACTIVE_ARCH = YES;
				SDKROOT = iphoneos;
				SWIFT_ACTIVE_COMPILATION_CONDITIONS = DEBUG;
				SWIFT_OPTIMIZATION_LEVEL = "-Onone";
			};
			name = Debug;
		};
		E16A78D0264837FE005F585D /* Release */ = {
			isa = XCBuildConfiguration;
			buildSettings = {
				ALWAYS_SEARCH_USER_PATHS = NO;
				CLANG_ANALYZER_NONNULL = YES;
				CLANG_ANALYZER_NUMBER_OBJECT_CONVERSION = YES_AGGRESSIVE;
				CLANG_CXX_LANGUAGE_STANDARD = "gnu++14";
				CLANG_CXX_LIBRARY = "libc++";
				CLANG_ENABLE_MODULES = YES;
				CLANG_ENABLE_OBJC_ARC = YES;
				CLANG_ENABLE_OBJC_WEAK = YES;
				CLANG_WARN_BLOCK_CAPTURE_AUTORELEASING = YES;
				CLANG_WARN_BOOL_CONVERSION = YES;
				CLANG_WARN_COMMA = YES;
				CLANG_WARN_CONSTANT_CONVERSION = YES;
				CLANG_WARN_DEPRECATED_OBJC_IMPLEMENTATIONS = YES;
				CLANG_WARN_DIRECT_OBJC_ISA_USAGE = YES_ERROR;
				CLANG_WARN_DOCUMENTATION_COMMENTS = YES;
				CLANG_WARN_EMPTY_BODY = YES;
				CLANG_WARN_ENUM_CONVERSION = YES;
				CLANG_WARN_INFINITE_RECURSION = YES;
				CLANG_WARN_INT_CONVERSION = YES;
				CLANG_WARN_NON_LITERAL_NULL_CONVERSION = YES;
				CLANG_WARN_OBJC_IMPLICIT_RETAIN_SELF = YES;
				CLANG_WARN_OBJC_LITERAL_CONVERSION = YES;
				CLANG_WARN_OBJC_ROOT_CLASS = YES_ERROR;
				CLANG_WARN_QUOTED_INCLUDE_IN_FRAMEWORK_HEADER = YES;
				CLANG_WARN_RANGE_LOOP_ANALYSIS = YES;
				CLANG_WARN_STRICT_PROTOTYPES = YES;
				CLANG_WARN_SUSPICIOUS_MOVE = YES;
				CLANG_WARN_UNGUARDED_AVAILABILITY = YES_AGGRESSIVE;
				CLANG_WARN_UNREACHABLE_CODE = YES;
				CLANG_WARN__DUPLICATE_METHOD_MATCH = YES;
				COPY_PHASE_STRIP = NO;
				DEBUG_INFORMATION_FORMAT = "dwarf-with-dsym";
				ENABLE_NS_ASSERTIONS = NO;
				ENABLE_STRICT_OBJC_MSGSEND = YES;
				GCC_C_LANGUAGE_STANDARD = gnu11;
				GCC_NO_COMMON_BLOCKS = YES;
				GCC_WARN_64_TO_32_BIT_CONVERSION = YES;
				GCC_WARN_ABOUT_RETURN_TYPE = YES_ERROR;
				GCC_WARN_UNDECLARED_SELECTOR = YES;
				GCC_WARN_UNINITIALIZED_AUTOS = YES_AGGRESSIVE;
				GCC_WARN_UNUSED_FUNCTION = YES;
				GCC_WARN_UNUSED_VARIABLE = YES;
				IPHONEOS_DEPLOYMENT_TARGET = 14.4;
				MTL_ENABLE_DEBUG_INFO = NO;
				MTL_FAST_MATH = YES;
				SDKROOT = iphoneos;
				SWIFT_COMPILATION_MODE = wholemodule;
				SWIFT_OPTIMIZATION_LEVEL = "-O";
				VALIDATE_PRODUCT = YES;
			};
			name = Release;
		};
		E16A78D2264837FE005F585D /* Debug */ = {
			isa = XCBuildConfiguration;
			baseConfigurationReference = 758C9450A323550C1DAA0032 /* Pods-Roulette.debug.xcconfig */;
			buildSettings = {
				ASSETCATALOG_COMPILER_APPICON_NAME = AppIcon;
				ASSETCATALOG_COMPILER_GLOBAL_ACCENT_COLOR_NAME = AccentColor;
				CODE_SIGN_STYLE = Automatic;
				DEVELOPMENT_TEAM = 9W82QL85G8;
				INFOPLIST_FILE = Roulette/Info.plist;
				LD_RUNPATH_SEARCH_PATHS = (
					"$(inherited)",
					"@executable_path/Frameworks",
				);
				PRODUCT_BUNDLE_IDENTIFIER = com.TakumiSakai.Roulette;
				PRODUCT_NAME = "$(TARGET_NAME)";
				SWIFT_VERSION = 5.0;
				TARGETED_DEVICE_FAMILY = "1,2";
			};
			name = Debug;
		};
		E16A78D3264837FE005F585D /* Release */ = {
			isa = XCBuildConfiguration;
			baseConfigurationReference = 2601EBD63A4929CAF4DBDECC /* Pods-Roulette.release.xcconfig */;
			buildSettings = {
				ASSETCATALOG_COMPILER_APPICON_NAME = AppIcon;
				ASSETCATALOG_COMPILER_GLOBAL_ACCENT_COLOR_NAME = AccentColor;
				CODE_SIGN_STYLE = Automatic;
				DEVELOPMENT_TEAM = 9W82QL85G8;
				INFOPLIST_FILE = Roulette/Info.plist;
				LD_RUNPATH_SEARCH_PATHS = (
					"$(inherited)",
					"@executable_path/Frameworks",
				);
				PRODUCT_BUNDLE_IDENTIFIER = com.TakumiSakai.Roulette;
				PRODUCT_NAME = "$(TARGET_NAME)";
				SWIFT_VERSION = 5.0;
				TARGETED_DEVICE_FAMILY = "1,2";
			};
			name = Release;
		};
/* End XCBuildConfiguration section */

/* Begin XCConfigurationList section */
		E16A78B8264837FC005F585D /* Build configuration list for PBXProject "Roulette" */ = {
			isa = XCConfigurationList;
			buildConfigurations = (
				E16A78CF264837FE005F585D /* Debug */,
				E16A78D0264837FE005F585D /* Release */,
			);
			defaultConfigurationIsVisible = 0;
			defaultConfigurationName = Release;
		};
		E16A78D1264837FE005F585D /* Build configuration list for PBXNativeTarget "Roulette" */ = {
			isa = XCConfigurationList;
			buildConfigurations = (
				E16A78D2264837FE005F585D /* Debug */,
				E16A78D3264837FE005F585D /* Release */,
			);
			defaultConfigurationIsVisible = 0;
			defaultConfigurationName = Release;
		};
/* End XCConfigurationList section */
	};
	rootObject = E16A78B5264837FC005F585D /* Project object */;
}
